
Microsoft Visual Studio Solution File, Format Version 12.00
# Visual Studio Version 17
VisualStudioVersion = 17.12.35514.174
MinimumVisualStudioVersion = 10.0.40219.1
Project("{FAE04EC0-301F-11D3-BF4B-00C04F79EFBC}") = "WebApiAutores", "WebApiAutores\WebApiAutores.csproj", "{B79926DF-E27F-426B-B103-6DCDFED1790D}"
EndProject
Project("{FAE04EC0-301F-11D3-BF4B-00C04F79EFBC}") = "WebAPIAutores.Tests", "WebAPIAutores.Tests\WebAPIAutores.Tests.csproj", "{B4B12D0D-0020-40AF-8A78-CACD3E1092E6}"
EndProject
Global
	GlobalSection(SolutionConfigurationPlatforms) = preSolution
		Debug|Any CPU = Debug|Any CPU
		Release|Any CPU = Release|Any CPU
	EndGlobalSection
	GlobalSection(ProjectConfigurationPlatforms) = postSolution
		{B79926DF-E27F-426B-B103-6DCDFED1790D}.Debug|Any CPU.ActiveCfg = Debug|Any CPU
		{B79926DF-E27F-426B-B103-6DCDFED1790D}.Debug|Any CPU.Build.0 = Debug|Any CPU
		{B79926DF-E27F-426B-B103-6DCDFED1790D}.Release|Any CPU.ActiveCfg = Release|Any CPU
		{B79926DF-E27F-426B-B103-6DCDFED1790D}.Release|Any CPU.Build.0 = Release|Any CPU
		{B4B12D0D-0020-40AF-8A78-CACD3E1092E6}.Debug|Any CPU.ActiveCfg = Debug|Any CPU
		{B4B12D0D-0020-40AF-8A78-CACD3E1092E6}.Debug|Any CPU.Build.0 = Debug|Any CPU
		{B4B12D0D-0020-40AF-8A78-CACD3E1092E6}.Release|Any CPU.ActiveCfg = Release|Any CPU
		{B4B12D0D-0020-40AF-8A78-CACD3E1092E6}.Release|Any CPU.Build.0 = Release|Any CPU
	EndGlobalSection
	GlobalSection(SolutionProperties) = preSolution
		HideSolutionNode = FALSE
	EndGlobalSection
EndGlobal
